// !$*UTF8*$!
{
	archiveVersion = 1;
	classes = {
	};
	objectVersion = 56;
	objects = {

/* Begin PBXBuildFile section */
		4A2F6EDF2BA0EDE100938F2E /* TimerModuleAssembly.swift in Sources */ = {isa = PBXBuildFile; fileRef = 4A2F6EDE2BA0EDE100938F2E /* TimerModuleAssembly.swift */; };
		4A2F6EEC2BA0F17500938F2E /* TimerPresenter.swift in Sources */ = {isa = PBXBuildFile; fileRef = 4A2F6EEB2BA0F17500938F2E /* TimerPresenter.swift */; };
		4A2F6EEE2BA0F1C700938F2E /* TimerViewOutput.swift in Sources */ = {isa = PBXBuildFile; fileRef = 4A2F6EED2BA0F1C700938F2E /* TimerViewOutput.swift */; };
		4A2F6EF02BA0F20000938F2E /* TimerViewInput.swift in Sources */ = {isa = PBXBuildFile; fileRef = 4A2F6EEF2BA0F20000938F2E /* TimerViewInput.swift */; };
		4A2F6EF22BA0F2EF00938F2E /* GoalsViewOutput.swift in Sources */ = {isa = PBXBuildFile; fileRef = 4A2F6EF12BA0F2EF00938F2E /* GoalsViewOutput.swift */; };
		4A2F6EF42BA0F2F800938F2E /* GoalsViewInput.swift in Sources */ = {isa = PBXBuildFile; fileRef = 4A2F6EF32BA0F2F800938F2E /* GoalsViewInput.swift */; };
		4A2F6EF72BA0F31C00938F2E /* GoalsPresenter.swift in Sources */ = {isa = PBXBuildFile; fileRef = 4A2F6EF62BA0F31C00938F2E /* GoalsPresenter.swift */; };
		4A2F6EF92BA0F33A00938F2E /* GoalsModuleAssembly.swift in Sources */ = {isa = PBXBuildFile; fileRef = 4A2F6EF82BA0F33A00938F2E /* GoalsModuleAssembly.swift */; };
		4A2F6EFB2BA0F3AF00938F2E /* AnalyticsViewOutput.swift in Sources */ = {isa = PBXBuildFile; fileRef = 4A2F6EFA2BA0F3AF00938F2E /* AnalyticsViewOutput.swift */; };
		4A2F6EFD2BA0F3C100938F2E /* AnalyticsViewInput.swift in Sources */ = {isa = PBXBuildFile; fileRef = 4A2F6EFC2BA0F3C100938F2E /* AnalyticsViewInput.swift */; };
		4A2F6EFF2BA0F3D200938F2E /* AnalyticsPresenter.swift in Sources */ = {isa = PBXBuildFile; fileRef = 4A2F6EFE2BA0F3D200938F2E /* AnalyticsPresenter.swift */; };
		4A2F6F022BA0F4AB00938F2E /* AnalyticsModuleAssembly.swift in Sources */ = {isa = PBXBuildFile; fileRef = 4A2F6F012BA0F4AB00938F2E /* AnalyticsModuleAssembly.swift */; };
		4A2F6F052BA1012300938F2E /* UIKit+AutoLayout.swift in Sources */ = {isa = PBXBuildFile; fileRef = 4A2F6F042BA1012300938F2E /* UIKit+AutoLayout.swift */; };
		4A2F6F092BA1B90D00938F2E /* BasicTextField.swift in Sources */ = {isa = PBXBuildFile; fileRef = 4A2F6F082BA1B90D00938F2E /* BasicTextField.swift */; };
		4A2F6F0B2BA1BC9000938F2E /* TabControl.swift in Sources */ = {isa = PBXBuildFile; fileRef = 4A2F6F0A2BA1BC9000938F2E /* TabControl.swift */; };
		4A2F6F0D2BA31B3000938F2E /* ActionViewController.swift in Sources */ = {isa = PBXBuildFile; fileRef = 4A2F6F0C2BA31B3000938F2E /* ActionViewController.swift */; };
		4A2F6F0F2BA3532800938F2E /* ActionsTableViewCell.swift in Sources */ = {isa = PBXBuildFile; fileRef = 4A2F6F0E2BA3532800938F2E /* ActionsTableViewCell.swift */; };
		4A2F6F172BA35D3500938F2E /* ActionsModuleAssembly.swift in Sources */ = {isa = PBXBuildFile; fileRef = 4A2F6F162BA35D3500938F2E /* ActionsModuleAssembly.swift */; };
		4A2F6F192BA35D7900938F2E /* ActionsPresenter.swift in Sources */ = {isa = PBXBuildFile; fileRef = 4A2F6F182BA35D7900938F2E /* ActionsPresenter.swift */; };
		4A2F6F1B2BA35D9100938F2E /* ActionsViewOutput.swift in Sources */ = {isa = PBXBuildFile; fileRef = 4A2F6F1A2BA35D9100938F2E /* ActionsViewOutput.swift */; };
		4A2F6F1E2BA35E9100938F2E /* ActionsTableViewDataSource.swift in Sources */ = {isa = PBXBuildFile; fileRef = 4A2F6F1D2BA35E9100938F2E /* ActionsTableViewDataSource.swift */; };
		4A2F6F202BA35EB300938F2E /* ActionsTableViewDataSourceImpl.swift in Sources */ = {isa = PBXBuildFile; fileRef = 4A2F6F1F2BA35EB300938F2E /* ActionsTableViewDataSourceImpl.swift */; };
		4A2F6F232BA3624E00938F2E /* ActionsViewInput.swift in Sources */ = {isa = PBXBuildFile; fileRef = 4A2F6F222BA3624E00938F2E /* ActionsViewInput.swift */; };
		4A2F6F252BA3630500938F2E /* AssemblyFactory.swift in Sources */ = {isa = PBXBuildFile; fileRef = 4A2F6F242BA3630500938F2E /* AssemblyFactory.swift */; };
		4A2F6F272BA4482200938F2E /* ActionsInteractor.swift in Sources */ = {isa = PBXBuildFile; fileRef = 4A2F6F262BA4482200938F2E /* ActionsInteractor.swift */; };
		4A2F6F292BA4482700938F2E /* ActionsInteractorInput.swift in Sources */ = {isa = PBXBuildFile; fileRef = 4A2F6F282BA4482700938F2E /* ActionsInteractorInput.swift */; };
		4A2F6F2B2BA44B2600938F2E /* ActionsInteractorOutput.swift in Sources */ = {isa = PBXBuildFile; fileRef = 4A2F6F2A2BA44B2600938F2E /* ActionsInteractorOutput.swift */; };
		4A2F6F2D2BA59EF700938F2E /* TimerModuleInput.swift in Sources */ = {isa = PBXBuildFile; fileRef = 4A2F6F2C2BA59EF700938F2E /* TimerModuleInput.swift */; };
		4A2F6F2F2BA59F7D00938F2E /* ActionsModuleInput.swift in Sources */ = {isa = PBXBuildFile; fileRef = 4A2F6F2E2BA59F7D00938F2E /* ActionsModuleInput.swift */; };
		4A3A7BA22B94C76D004C60D2 /* AppDelegate.swift in Sources */ = {isa = PBXBuildFile; fileRef = 4A3A7BA12B94C76D004C60D2 /* AppDelegate.swift */; };
		4A3A7BA42B94C76D004C60D2 /* SceneDelegate.swift in Sources */ = {isa = PBXBuildFile; fileRef = 4A3A7BA32B94C76D004C60D2 /* SceneDelegate.swift */; };
		4A3A7BA62B94C76D004C60D2 /* TimerViewController.swift in Sources */ = {isa = PBXBuildFile; fileRef = 4A3A7BA52B94C76D004C60D2 /* TimerViewController.swift */; };
		4A3A7BAB2B94C76F004C60D2 /* Assets.xcassets in Resources */ = {isa = PBXBuildFile; fileRef = 4A3A7BAA2B94C76F004C60D2 /* Assets.xcassets */; };
		4A3A7BB72B94C819004C60D2 /* NavigationViewController.swift in Sources */ = {isa = PBXBuildFile; fileRef = 4A3A7BB62B94C819004C60D2 /* NavigationViewController.swift */; };
		4A3A7BB92B94CAB0004C60D2 /* GoalsViewController.swift in Sources */ = {isa = PBXBuildFile; fileRef = 4A3A7BB82B94CAB0004C60D2 /* GoalsViewController.swift */; };
		4A3A7BBB2B94CABF004C60D2 /* AnalyticsViewController.swift in Sources */ = {isa = PBXBuildFile; fileRef = 4A3A7BBA2B94CABF004C60D2 /* AnalyticsViewController.swift */; };
/* End PBXBuildFile section */

/* Begin PBXFileReference section */
		4A2F6EDE2BA0EDE100938F2E /* TimerModuleAssembly.swift */ = {isa = PBXFileReference; lastKnownFileType = sourcecode.swift; path = TimerModuleAssembly.swift; sourceTree = "<group>"; };
		4A2F6EEB2BA0F17500938F2E /* TimerPresenter.swift */ = {isa = PBXFileReference; lastKnownFileType = sourcecode.swift; path = TimerPresenter.swift; sourceTree = "<group>"; };
		4A2F6EED2BA0F1C700938F2E /* TimerViewOutput.swift */ = {isa = PBXFileReference; lastKnownFileType = sourcecode.swift; path = TimerViewOutput.swift; sourceTree = "<group>"; };
		4A2F6EEF2BA0F20000938F2E /* TimerViewInput.swift */ = {isa = PBXFileReference; lastKnownFileType = sourcecode.swift; path = TimerViewInput.swift; sourceTree = "<group>"; };
		4A2F6EF12BA0F2EF00938F2E /* GoalsViewOutput.swift */ = {isa = PBXFileReference; lastKnownFileType = sourcecode.swift; path = GoalsViewOutput.swift; sourceTree = "<group>"; };
		4A2F6EF32BA0F2F800938F2E /* GoalsViewInput.swift */ = {isa = PBXFileReference; lastKnownFileType = sourcecode.swift; path = GoalsViewInput.swift; sourceTree = "<group>"; };
		4A2F6EF62BA0F31C00938F2E /* GoalsPresenter.swift */ = {isa = PBXFileReference; lastKnownFileType = sourcecode.swift; path = GoalsPresenter.swift; sourceTree = "<group>"; };
		4A2F6EF82BA0F33A00938F2E /* GoalsModuleAssembly.swift */ = {isa = PBXFileReference; lastKnownFileType = sourcecode.swift; path = GoalsModuleAssembly.swift; sourceTree = "<group>"; };
		4A2F6EFA2BA0F3AF00938F2E /* AnalyticsViewOutput.swift */ = {isa = PBXFileReference; lastKnownFileType = sourcecode.swift; path = AnalyticsViewOutput.swift; sourceTree = "<group>"; };
		4A2F6EFC2BA0F3C100938F2E /* AnalyticsViewInput.swift */ = {isa = PBXFileReference; lastKnownFileType = sourcecode.swift; path = AnalyticsViewInput.swift; sourceTree = "<group>"; };
		4A2F6EFE2BA0F3D200938F2E /* AnalyticsPresenter.swift */ = {isa = PBXFileReference; lastKnownFileType = sourcecode.swift; path = AnalyticsPresenter.swift; sourceTree = "<group>"; };
		4A2F6F012BA0F4AB00938F2E /* AnalyticsModuleAssembly.swift */ = {isa = PBXFileReference; lastKnownFileType = sourcecode.swift; path = AnalyticsModuleAssembly.swift; sourceTree = "<group>"; };
		4A2F6F042BA1012300938F2E /* UIKit+AutoLayout.swift */ = {isa = PBXFileReference; lastKnownFileType = sourcecode.swift; path = "UIKit+AutoLayout.swift"; sourceTree = "<group>"; };
		4A2F6F082BA1B90D00938F2E /* BasicTextField.swift */ = {isa = PBXFileReference; lastKnownFileType = sourcecode.swift; path = BasicTextField.swift; sourceTree = "<group>"; };
		4A2F6F0A2BA1BC9000938F2E /* TabControl.swift */ = {isa = PBXFileReference; lastKnownFileType = sourcecode.swift; path = TabControl.swift; sourceTree = "<group>"; };
		4A2F6F0C2BA31B3000938F2E /* ActionViewController.swift */ = {isa = PBXFileReference; lastKnownFileType = sourcecode.swift; path = ActionViewController.swift; sourceTree = "<group>"; };
		4A2F6F0E2BA3532800938F2E /* ActionsTableViewCell.swift */ = {isa = PBXFileReference; lastKnownFileType = sourcecode.swift; path = ActionsTableViewCell.swift; sourceTree = "<group>"; };
		4A2F6F162BA35D3500938F2E /* ActionsModuleAssembly.swift */ = {isa = PBXFileReference; lastKnownFileType = sourcecode.swift; path = ActionsModuleAssembly.swift; sourceTree = "<group>"; };
		4A2F6F182BA35D7900938F2E /* ActionsPresenter.swift */ = {isa = PBXFileReference; lastKnownFileType = sourcecode.swift; path = ActionsPresenter.swift; sourceTree = "<group>"; };
		4A2F6F1A2BA35D9100938F2E /* ActionsViewOutput.swift */ = {isa = PBXFileReference; lastKnownFileType = sourcecode.swift; path = ActionsViewOutput.swift; sourceTree = "<group>"; };
		4A2F6F1D2BA35E9100938F2E /* ActionsTableViewDataSource.swift */ = {isa = PBXFileReference; lastKnownFileType = sourcecode.swift; path = ActionsTableViewDataSource.swift; sourceTree = "<group>"; };
		4A2F6F1F2BA35EB300938F2E /* ActionsTableViewDataSourceImpl.swift */ = {isa = PBXFileReference; lastKnownFileType = sourcecode.swift; path = ActionsTableViewDataSourceImpl.swift; sourceTree = "<group>"; };
		4A2F6F222BA3624E00938F2E /* ActionsViewInput.swift */ = {isa = PBXFileReference; lastKnownFileType = sourcecode.swift; path = ActionsViewInput.swift; sourceTree = "<group>"; };
		4A2F6F242BA3630500938F2E /* AssemblyFactory.swift */ = {isa = PBXFileReference; lastKnownFileType = sourcecode.swift; path = AssemblyFactory.swift; sourceTree = "<group>"; };
		4A2F6F262BA4482200938F2E /* ActionsInteractor.swift */ = {isa = PBXFileReference; lastKnownFileType = sourcecode.swift; path = ActionsInteractor.swift; sourceTree = "<group>"; };
		4A2F6F282BA4482700938F2E /* ActionsInteractorInput.swift */ = {isa = PBXFileReference; lastKnownFileType = sourcecode.swift; path = ActionsInteractorInput.swift; sourceTree = "<group>"; };
		4A2F6F2A2BA44B2600938F2E /* ActionsInteractorOutput.swift */ = {isa = PBXFileReference; lastKnownFileType = sourcecode.swift; path = ActionsInteractorOutput.swift; sourceTree = "<group>"; };
		4A2F6F2C2BA59EF700938F2E /* TimerModuleInput.swift */ = {isa = PBXFileReference; lastKnownFileType = sourcecode.swift; path = TimerModuleInput.swift; sourceTree = "<group>"; };
		4A2F6F2E2BA59F7D00938F2E /* ActionsModuleInput.swift */ = {isa = PBXFileReference; lastKnownFileType = sourcecode.swift; path = ActionsModuleInput.swift; sourceTree = "<group>"; };
		4A3A7B9E2B94C76D004C60D2 /* timetracker.app */ = {isa = PBXFileReference; explicitFileType = wrapper.application; includeInIndex = 0; path = timetracker.app; sourceTree = BUILT_PRODUCTS_DIR; };
		4A3A7BA12B94C76D004C60D2 /* AppDelegate.swift */ = {isa = PBXFileReference; lastKnownFileType = sourcecode.swift; path = AppDelegate.swift; sourceTree = "<group>"; };
		4A3A7BA32B94C76D004C60D2 /* SceneDelegate.swift */ = {isa = PBXFileReference; lastKnownFileType = sourcecode.swift; path = SceneDelegate.swift; sourceTree = "<group>"; };
		4A3A7BA52B94C76D004C60D2 /* TimerViewController.swift */ = {isa = PBXFileReference; lastKnownFileType = sourcecode.swift; path = TimerViewController.swift; sourceTree = "<group>"; };
		4A3A7BAA2B94C76F004C60D2 /* Assets.xcassets */ = {isa = PBXFileReference; lastKnownFileType = folder.assetcatalog; path = Assets.xcassets; sourceTree = "<group>"; };
		4A3A7BAF2B94C76F004C60D2 /* Info.plist */ = {isa = PBXFileReference; lastKnownFileType = text.plist.xml; path = Info.plist; sourceTree = "<group>"; };
		4A3A7BB62B94C819004C60D2 /* NavigationViewController.swift */ = {isa = PBXFileReference; lastKnownFileType = sourcecode.swift; path = NavigationViewController.swift; sourceTree = "<group>"; };
		4A3A7BB82B94CAB0004C60D2 /* GoalsViewController.swift */ = {isa = PBXFileReference; lastKnownFileType = sourcecode.swift; path = GoalsViewController.swift; sourceTree = "<group>"; };
		4A3A7BBA2B94CABF004C60D2 /* AnalyticsViewController.swift */ = {isa = PBXFileReference; lastKnownFileType = sourcecode.swift; path = AnalyticsViewController.swift; sourceTree = "<group>"; };
/* End PBXFileReference section */

/* Begin PBXFrameworksBuildPhase section */
		4A3A7B9B2B94C76D004C60D2 /* Frameworks */ = {
			isa = PBXFrameworksBuildPhase;
			buildActionMask = 2147483647;
			files = (
			);
			runOnlyForDeploymentPostprocessing = 0;
		};
/* End PBXFrameworksBuildPhase section */

/* Begin PBXGroup section */
		4A2F6EE02BA0EF8800938F2E /* Analytics */ = {
			isa = PBXGroup;
			children = (
				4A2F6EE82BA0F07100938F2E /* Assembly */,
				4A2F6F002BA0F3E300938F2E /* Presenter */,
				4A2F6EE52BA0F01100938F2E /* View */,
			);
			path = Analytics;
			sourceTree = "<group>";
		};
		4A2F6EE12BA0EF8F00938F2E /* Timer */ = {
			isa = PBXGroup;
			children = (
				4A2F6EE72BA0F06C00938F2E /* Assembly */,
				4A2F6EEA2BA0F16600938F2E /* Interactor */,
				4A2F6EE92BA0F16000938F2E /* Presenter */,
				4A2F6EE42BA0F00E00938F2E /* View */,
			);
			path = Timer;
			sourceTree = "<group>";
		};
		4A2F6EE22BA0EF9400938F2E /* Goals */ = {
			isa = PBXGroup;
			children = (
				4A2F6EE62BA0F05E00938F2E /* Assembly */,
				4A2F6EF52BA0F30C00938F2E /* Presenter */,
				4A2F6EE32BA0F00700938F2E /* View */,
			);
			path = Goals;
			sourceTree = "<group>";
		};
		4A2F6EE32BA0F00700938F2E /* View */ = {
			isa = PBXGroup;
			children = (
				4A3A7BB82B94CAB0004C60D2 /* GoalsViewController.swift */,
				4A2F6EF12BA0F2EF00938F2E /* GoalsViewOutput.swift */,
				4A2F6EF32BA0F2F800938F2E /* GoalsViewInput.swift */,
			);
			path = View;
			sourceTree = "<group>";
		};
		4A2F6EE42BA0F00E00938F2E /* View */ = {
			isa = PBXGroup;
			children = (
				4A3A7BA52B94C76D004C60D2 /* TimerViewController.swift */,
				4A2F6EED2BA0F1C700938F2E /* TimerViewOutput.swift */,
				4A2F6EEF2BA0F20000938F2E /* TimerViewInput.swift */,
			);
			path = View;
			sourceTree = "<group>";
		};
		4A2F6EE52BA0F01100938F2E /* View */ = {
			isa = PBXGroup;
			children = (
				4A3A7BBA2B94CABF004C60D2 /* AnalyticsViewController.swift */,
				4A2F6EFA2BA0F3AF00938F2E /* AnalyticsViewOutput.swift */,
				4A2F6EFC2BA0F3C100938F2E /* AnalyticsViewInput.swift */,
			);
			path = View;
			sourceTree = "<group>";
		};
		4A2F6EE62BA0F05E00938F2E /* Assembly */ = {
			isa = PBXGroup;
			children = (
				4A2F6EF82BA0F33A00938F2E /* GoalsModuleAssembly.swift */,
			);
			path = Assembly;
			sourceTree = "<group>";
		};
		4A2F6EE72BA0F06C00938F2E /* Assembly */ = {
			isa = PBXGroup;
			children = (
				4A2F6EDE2BA0EDE100938F2E /* TimerModuleAssembly.swift */,
			);
			path = Assembly;
			sourceTree = "<group>";
		};
		4A2F6EE82BA0F07100938F2E /* Assembly */ = {
			isa = PBXGroup;
			children = (
				4A2F6F012BA0F4AB00938F2E /* AnalyticsModuleAssembly.swift */,
			);
			path = Assembly;
			sourceTree = "<group>";
		};
		4A2F6EE92BA0F16000938F2E /* Presenter */ = {
			isa = PBXGroup;
			children = (
				4A2F6EEB2BA0F17500938F2E /* TimerPresenter.swift */,
				4A2F6F2C2BA59EF700938F2E /* TimerModuleInput.swift */,
			);
			path = Presenter;
			sourceTree = "<group>";
		};
		4A2F6EEA2BA0F16600938F2E /* Interactor */ = {
			isa = PBXGroup;
			children = (
			);
			path = Interactor;
			sourceTree = "<group>";
		};
		4A2F6EF52BA0F30C00938F2E /* Presenter */ = {
			isa = PBXGroup;
			children = (
				4A2F6EF62BA0F31C00938F2E /* GoalsPresenter.swift */,
			);
			path = Presenter;
			sourceTree = "<group>";
		};
		4A2F6F002BA0F3E300938F2E /* Presenter */ = {
			isa = PBXGroup;
			children = (
				4A2F6EFE2BA0F3D200938F2E /* AnalyticsPresenter.swift */,
			);
			path = Presenter;
			sourceTree = "<group>";
		};
		4A2F6F032BA1010B00938F2E /* Helpers */ = {
			isa = PBXGroup;
			children = (
				4A2F6F042BA1012300938F2E /* UIKit+AutoLayout.swift */,
			);
			path = Helpers;
			sourceTree = "<group>";
		};
		4A2F6F062BA107A600938F2E /* Modules */ = {
			isa = PBXGroup;
			children = (
				4A2F6F102BA35C8E00938F2E /* Actions */,
				4A2F6EE22BA0EF9400938F2E /* Goals */,
				4A2F6EE12BA0EF8F00938F2E /* Timer */,
				4A2F6EE02BA0EF8800938F2E /* Analytics */,
			);
			path = Modules;
			sourceTree = "<group>";
		};
		4A2F6F072BA1B7B400938F2E /* DesignSystem */ = {
			isa = PBXGroup;
			children = (
				4A2F6F082BA1B90D00938F2E /* BasicTextField.swift */,
				4A2F6F0A2BA1BC9000938F2E /* TabControl.swift */,
			);
			path = DesignSystem;
			sourceTree = "<group>";
		};
		4A2F6F102BA35C8E00938F2E /* Actions */ = {
			isa = PBXGroup;
			children = (
				4A2F6F152BA35D2400938F2E /* Assembly */,
				4A2F6F142BA35D1B00938F2E /* Interactor */,
				4A2F6F132BA35D1500938F2E /* Presenter */,
				4A2F6F112BA35C9F00938F2E /* View */,
			);
			path = Actions;
			sourceTree = "<group>";
		};
		4A2F6F112BA35C9F00938F2E /* View */ = {
			isa = PBXGroup;
			children = (
				4A2F6F212BA3605700938F2E /* TableViewCell */,
				4A2F6F1C2BA35E7600938F2E /* TableViewDataSource */,
				4A2F6F0C2BA31B3000938F2E /* ActionViewController.swift */,
				4A2F6F1A2BA35D9100938F2E /* ActionsViewOutput.swift */,
				4A2F6F222BA3624E00938F2E /* ActionsViewInput.swift */,
			);
			path = View;
			sourceTree = "<group>";
		};
		4A2F6F132BA35D1500938F2E /* Presenter */ = {
			isa = PBXGroup;
			children = (
				4A2F6F182BA35D7900938F2E /* ActionsPresenter.swift */,
				4A2F6F2E2BA59F7D00938F2E /* ActionsModuleInput.swift */,
			);
			path = Presenter;
			sourceTree = "<group>";
		};
		4A2F6F142BA35D1B00938F2E /* Interactor */ = {
			isa = PBXGroup;
			children = (
				4A2F6F262BA4482200938F2E /* ActionsInteractor.swift */,
				4A2F6F282BA4482700938F2E /* ActionsInteractorInput.swift */,
				4A2F6F2A2BA44B2600938F2E /* ActionsInteractorOutput.swift */,
			);
			path = Interactor;
			sourceTree = "<group>";
		};
		4A2F6F152BA35D2400938F2E /* Assembly */ = {
			isa = PBXGroup;
			children = (
				4A2F6F162BA35D3500938F2E /* ActionsModuleAssembly.swift */,
			);
			path = Assembly;
			sourceTree = "<group>";
		};
		4A2F6F1C2BA35E7600938F2E /* TableViewDataSource */ = {
			isa = PBXGroup;
			children = (
				4A2F6F1D2BA35E9100938F2E /* ActionsTableViewDataSource.swift */,
				4A2F6F1F2BA35EB300938F2E /* ActionsTableViewDataSourceImpl.swift */,
			);
			path = TableViewDataSource;
			sourceTree = "<group>";
		};
		4A2F6F212BA3605700938F2E /* TableViewCell */ = {
			isa = PBXGroup;
			children = (
				4A2F6F0E2BA3532800938F2E /* ActionsTableViewCell.swift */,
			);
			path = TableViewCell;
			sourceTree = "<group>";
		};
		4A3A7B952B94C76D004C60D2 = {
			isa = PBXGroup;
			children = (
				4A3A7BA02B94C76D004C60D2 /* timetracker */,
				4A3A7B9F2B94C76D004C60D2 /* Products */,
			);
			sourceTree = "<group>";
		};
		4A3A7B9F2B94C76D004C60D2 /* Products */ = {
			isa = PBXGroup;
			children = (
				4A3A7B9E2B94C76D004C60D2 /* timetracker.app */,
			);
			name = Products;
			sourceTree = "<group>";
		};
		4A3A7BA02B94C76D004C60D2 /* timetracker */ = {
			isa = PBXGroup;
			children = (
				4A3A7BB52B94C774004C60D2 /* Application */,
				4A2F6F072BA1B7B400938F2E /* DesignSystem */,
				4A2F6F062BA107A600938F2E /* Modules */,
				4A2F6F032BA1010B00938F2E /* Helpers */,
				4A3A7BAA2B94C76F004C60D2 /* Assets.xcassets */,
				4A3A7BAF2B94C76F004C60D2 /* Info.plist */,
			);
			path = timetracker;
			sourceTree = "<group>";
		};
		4A3A7BB52B94C774004C60D2 /* Application */ = {
			isa = PBXGroup;
			children = (
				4A3A7BA12B94C76D004C60D2 /* AppDelegate.swift */,
				4A3A7BA32B94C76D004C60D2 /* SceneDelegate.swift */,
				4A3A7BB62B94C819004C60D2 /* NavigationViewController.swift */,
				4A2F6F242BA3630500938F2E /* AssemblyFactory.swift */,
			);
			path = Application;
			sourceTree = "<group>";
		};
/* End PBXGroup section */

/* Begin PBXNativeTarget section */
		4A3A7B9D2B94C76D004C60D2 /* timetracker */ = {
			isa = PBXNativeTarget;
			buildConfigurationList = 4A3A7BB22B94C76F004C60D2 /* Build configuration list for PBXNativeTarget "timetracker" */;
			buildPhases = (
				4A3A7B9A2B94C76D004C60D2 /* Sources */,
				4A3A7B9B2B94C76D004C60D2 /* Frameworks */,
				4A3A7B9C2B94C76D004C60D2 /* Resources */,
			);
			buildRules = (
			);
			dependencies = (
			);
			name = timetracker;
			productName = timetracker;
			productReference = 4A3A7B9E2B94C76D004C60D2 /* timetracker.app */;
			productType = "com.apple.product-type.application";
		};
/* End PBXNativeTarget section */

/* Begin PBXProject section */
		4A3A7B962B94C76D004C60D2 /* Project object */ = {
			isa = PBXProject;
			attributes = {
				BuildIndependentTargetsInParallel = 1;
				LastSwiftUpdateCheck = 1510;
				LastUpgradeCheck = 1510;
				TargetAttributes = {
					4A3A7B9D2B94C76D004C60D2 = {
						CreatedOnToolsVersion = 15.1;
					};
				};
			};
			buildConfigurationList = 4A3A7B992B94C76D004C60D2 /* Build configuration list for PBXProject "timetracker" */;
			compatibilityVersion = "Xcode 14.0";
			developmentRegion = en;
			hasScannedForEncodings = 0;
			knownRegions = (
				en,
				Base,
			);
			mainGroup = 4A3A7B952B94C76D004C60D2;
			productRefGroup = 4A3A7B9F2B94C76D004C60D2 /* Products */;
			projectDirPath = "";
			projectRoot = "";
			targets = (
				4A3A7B9D2B94C76D004C60D2 /* timetracker */,
			);
		};
/* End PBXProject section */

/* Begin PBXResourcesBuildPhase section */
		4A3A7B9C2B94C76D004C60D2 /* Resources */ = {
			isa = PBXResourcesBuildPhase;
			buildActionMask = 2147483647;
			files = (
				4A3A7BAB2B94C76F004C60D2 /* Assets.xcassets in Resources */,
			);
			runOnlyForDeploymentPostprocessing = 0;
		};
/* End PBXResourcesBuildPhase section */

/* Begin PBXSourcesBuildPhase section */
		4A3A7B9A2B94C76D004C60D2 /* Sources */ = {
			isa = PBXSourcesBuildPhase;
			buildActionMask = 2147483647;
			files = (
				4A2F6EEC2BA0F17500938F2E /* TimerPresenter.swift in Sources */,
				4A3A7BB72B94C819004C60D2 /* NavigationViewController.swift in Sources */,
				4A2F6F232BA3624E00938F2E /* ActionsViewInput.swift in Sources */,
				4A3A7BA62B94C76D004C60D2 /* TimerViewController.swift in Sources */,
				4A2F6EFF2BA0F3D200938F2E /* AnalyticsPresenter.swift in Sources */,
				4A2F6EF72BA0F31C00938F2E /* GoalsPresenter.swift in Sources */,
				4A3A7BA22B94C76D004C60D2 /* AppDelegate.swift in Sources */,
				4A2F6F192BA35D7900938F2E /* ActionsPresenter.swift in Sources */,
				4A2F6EDF2BA0EDE100938F2E /* TimerModuleAssembly.swift in Sources */,
				4A2F6F202BA35EB300938F2E /* ActionsTableViewDataSourceImpl.swift in Sources */,
				4A2F6EFD2BA0F3C100938F2E /* AnalyticsViewInput.swift in Sources */,
				4A2F6F172BA35D3500938F2E /* ActionsModuleAssembly.swift in Sources */,
				4A2F6EF22BA0F2EF00938F2E /* GoalsViewOutput.swift in Sources */,
				4A3A7BA42B94C76D004C60D2 /* SceneDelegate.swift in Sources */,
				4A2F6F022BA0F4AB00938F2E /* AnalyticsModuleAssembly.swift in Sources */,
				4A2F6EF92BA0F33A00938F2E /* GoalsModuleAssembly.swift in Sources */,
				4A2F6EFB2BA0F3AF00938F2E /* AnalyticsViewOutput.swift in Sources */,
				4A2F6F1B2BA35D9100938F2E /* ActionsViewOutput.swift in Sources */,
				4A3A7BB92B94CAB0004C60D2 /* GoalsViewController.swift in Sources */,
				4A2F6F2F2BA59F7D00938F2E /* ActionsModuleInput.swift in Sources */,
				4A2F6F292BA4482700938F2E /* ActionsInteractorInput.swift in Sources */,
				4A2F6F0D2BA31B3000938F2E /* ActionViewController.swift in Sources */,
				4A2F6F092BA1B90D00938F2E /* BasicTextField.swift in Sources */,
				4A2F6F0B2BA1BC9000938F2E /* TabControl.swift in Sources */,
				4A2F6F1E2BA35E9100938F2E /* ActionsTableViewDataSource.swift in Sources */,
				4A2F6EF42BA0F2F800938F2E /* GoalsViewInput.swift in Sources */,
				4A2F6EEE2BA0F1C700938F2E /* TimerViewOutput.swift in Sources */,
				4A2F6F052BA1012300938F2E /* UIKit+AutoLayout.swift in Sources */,
				4A2F6F252BA3630500938F2E /* AssemblyFactory.swift in Sources */,
				4A3A7BBB2B94CABF004C60D2 /* AnalyticsViewController.swift in Sources */,
				4A2F6F272BA4482200938F2E /* ActionsInteractor.swift in Sources */,
				4A2F6F2B2BA44B2600938F2E /* ActionsInteractorOutput.swift in Sources */,
				4A2F6F0F2BA3532800938F2E /* ActionsTableViewCell.swift in Sources */,
				4A2F6F2D2BA59EF700938F2E /* TimerModuleInput.swift in Sources */,
				4A2F6EF02BA0F20000938F2E /* TimerViewInput.swift in Sources */,
			);
			runOnlyForDeploymentPostprocessing = 0;
		};
/* End PBXSourcesBuildPhase section */

/* Begin XCBuildConfiguration section */
		4A3A7BB02B94C76F004C60D2 /* Debug */ = {
			isa = XCBuildConfiguration;
			buildSettings = {
				ALWAYS_SEARCH_USER_PATHS = NO;
				ASSETCATALOG_COMPILER_GENERATE_SWIFT_ASSET_SYMBOL_EXTENSIONS = YES;
				CLANG_ANALYZER_NONNULL = YES;
				CLANG_ANALYZER_NUMBER_OBJECT_CONVERSION = YES_AGGRESSIVE;
				CLANG_CXX_LANGUAGE_STANDARD = "gnu++20";
				CLANG_ENABLE_MODULES = YES;
				CLANG_ENABLE_OBJC_ARC = YES;
				CLANG_ENABLE_OBJC_WEAK = YES;
				CLANG_WARN_BLOCK_CAPTURE_AUTORELEASING = YES;
				CLANG_WARN_BOOL_CONVERSION = YES;
				CLANG_WARN_COMMA = YES;
				CLANG_WARN_CONSTANT_CONVERSION = YES;
				CLANG_WARN_DEPRECATED_OBJC_IMPLEMENTATIONS = YES;
				CLANG_WARN_DIRECT_OBJC_ISA_USAGE = YES_ERROR;
				CLANG_WARN_DOCUMENTATION_COMMENTS = YES;
				CLANG_WARN_EMPTY_BODY = YES;
				CLANG_WARN_ENUM_CONVERSION = YES;
				CLANG_WARN_INFINITE_RECURSION = YES;
				CLANG_WARN_INT_CONVERSION = YES;
				CLANG_WARN_NON_LITERAL_NULL_CONVERSION = YES;
				CLANG_WARN_OBJC_IMPLICIT_RETAIN_SELF = YES;
				CLANG_WARN_OBJC_LITERAL_CONVERSION = YES;
				CLANG_WARN_OBJC_ROOT_CLASS = YES_ERROR;
				CLANG_WARN_QUOTED_INCLUDE_IN_FRAMEWORK_HEADER = YES;
				CLANG_WARN_RANGE_LOOP_ANALYSIS = YES;
				CLANG_WARN_STRICT_PROTOTYPES = YES;
				CLANG_WARN_SUSPICIOUS_MOVE = YES;
				CLANG_WARN_UNGUARDED_AVAILABILITY = YES_AGGRESSIVE;
				CLANG_WARN_UNREACHABLE_CODE = YES;
				CLANG_WARN__DUPLICATE_METHOD_MATCH = YES;
				COPY_PHASE_STRIP = NO;
				DEBUG_INFORMATION_FORMAT = dwarf;
				ENABLE_STRICT_OBJC_MSGSEND = YES;
				ENABLE_TESTABILITY = YES;
				ENABLE_USER_SCRIPT_SANDBOXING = YES;
				GCC_C_LANGUAGE_STANDARD = gnu17;
				GCC_DYNAMIC_NO_PIC = NO;
				GCC_NO_COMMON_BLOCKS = YES;
				GCC_OPTIMIZATION_LEVEL = 0;
				GCC_PREPROCESSOR_DEFINITIONS = (
					"DEBUG=1",
					"$(inherited)",
				);
				GCC_WARN_64_TO_32_BIT_CONVERSION = YES;
				GCC_WARN_ABOUT_RETURN_TYPE = YES_ERROR;
				GCC_WARN_UNDECLARED_SELECTOR = YES;
				GCC_WARN_UNINITIALIZED_AUTOS = YES_AGGRESSIVE;
				GCC_WARN_UNUSED_FUNCTION = YES;
				GCC_WARN_UNUSED_VARIABLE = YES;
				IPHONEOS_DEPLOYMENT_TARGET = 17.2;
				LOCALIZATION_PREFERS_STRING_CATALOGS = YES;
				MTL_ENABLE_DEBUG_INFO = INCLUDE_SOURCE;
				MTL_FAST_MATH = YES;
				ONLY_ACTIVE_ARCH = YES;
				SDKROOT = iphoneos;
				SWIFT_ACTIVE_COMPILATION_CONDITIONS = "DEBUG $(inherited)";
				SWIFT_OPTIMIZATION_LEVEL = "-Onone";
			};
			name = Debug;
		};
		4A3A7BB12B94C76F004C60D2 /* Release */ = {
			isa = XCBuildConfiguration;
			buildSettings = {
				ALWAYS_SEARCH_USER_PATHS = NO;
				ASSETCATALOG_COMPILER_GENERATE_SWIFT_ASSET_SYMBOL_EXTENSIONS = YES;
				CLANG_ANALYZER_NONNULL = YES;
				CLANG_ANALYZER_NUMBER_OBJECT_CONVERSION = YES_AGGRESSIVE;
				CLANG_CXX_LANGUAGE_STANDARD = "gnu++20";
				CLANG_ENABLE_MODULES = YES;
				CLANG_ENABLE_OBJC_ARC = YES;
				CLANG_ENABLE_OBJC_WEAK = YES;
				CLANG_WARN_BLOCK_CAPTURE_AUTORELEASING = YES;
				CLANG_WARN_BOOL_CONVERSION = YES;
				CLANG_WARN_COMMA = YES;
				CLANG_WARN_CONSTANT_CONVERSION = YES;
				CLANG_WARN_DEPRECATED_OBJC_IMPLEMENTATIONS = YES;
				CLANG_WARN_DIRECT_OBJC_ISA_USAGE = YES_ERROR;
				CLANG_WARN_DOCUMENTATION_COMMENTS = YES;
				CLANG_WARN_EMPTY_BODY = YES;
				CLANG_WARN_ENUM_CONVERSION = YES;
				CLANG_WARN_INFINITE_RECURSION = YES;
				CLANG_WARN_INT_CONVERSION = YES;
				CLANG_WARN_NON_LITERAL_NULL_CONVERSION = YES;
				CLANG_WARN_OBJC_IMPLICIT_RETAIN_SELF = YES;
				CLANG_WARN_OBJC_LITERAL_CONVERSION = YES;
				CLANG_WARN_OBJC_ROOT_CLASS = YES_ERROR;
				CLANG_WARN_QUOTED_INCLUDE_IN_FRAMEWORK_HEADER = YES;
				CLANG_WARN_RANGE_LOOP_ANALYSIS = YES;
				CLANG_WARN_STRICT_PROTOTYPES = YES;
				CLANG_WARN_SUSPICIOUS_MOVE = YES;
				CLANG_WARN_UNGUARDED_AVAILABILITY = YES_AGGRESSIVE;
				CLANG_WARN_UNREACHABLE_CODE = YES;
				CLANG_WARN__DUPLICATE_METHOD_MATCH = YES;
				COPY_PHASE_STRIP = NO;
				DEBUG_INFORMATION_FORMAT = "dwarf-with-dsym";
				ENABLE_NS_ASSERTIONS = NO;
				ENABLE_STRICT_OBJC_MSGSEND = YES;
				ENABLE_USER_SCRIPT_SANDBOXING = YES;
				GCC_C_LANGUAGE_STANDARD = gnu17;
				GCC_NO_COMMON_BLOCKS = YES;
				GCC_WARN_64_TO_32_BIT_CONVERSION = YES;
				GCC_WARN_ABOUT_RETURN_TYPE = YES_ERROR;
				GCC_WARN_UNDECLARED_SELECTOR = YES;
				GCC_WARN_UNINITIALIZED_AUTOS = YES_AGGRESSIVE;
				GCC_WARN_UNUSED_FUNCTION = YES;
				GCC_WARN_UNUSED_VARIABLE = YES;
				IPHONEOS_DEPLOYMENT_TARGET = 17.2;
				LOCALIZATION_PREFERS_STRING_CATALOGS = YES;
				MTL_ENABLE_DEBUG_INFO = NO;
				MTL_FAST_MATH = YES;
				SDKROOT = iphoneos;
				SWIFT_COMPILATION_MODE = wholemodule;
				VALIDATE_PRODUCT = YES;
			};
			name = Release;
		};
		4A3A7BB32B94C76F004C60D2 /* Debug */ = {
			isa = XCBuildConfiguration;
			buildSettings = {
				ASSETCATALOG_COMPILER_APPICON_NAME = AppIcon;
				ASSETCATALOG_COMPILER_GLOBAL_ACCENT_COLOR_NAME = AccentColor;
				CODE_SIGN_STYLE = Automatic;
				CURRENT_PROJECT_VERSION = 1;
				DEVELOPMENT_TEAM = QK9Y4P3VFS;
				GENERATE_INFOPLIST_FILE = YES;
				INFOPLIST_FILE = timetracker/Info.plist;
				INFOPLIST_KEY_UIApplicationSupportsIndirectInputEvents = YES;
				INFOPLIST_KEY_UILaunchStoryboardName = LaunchScreen;
				INFOPLIST_KEY_UISupportedInterfaceOrientations = UIInterfaceOrientationPortrait;
				LD_RUNPATH_SEARCH_PATHS = (
					"$(inherited)",
					"@executable_path/Frameworks",
				);
				MARKETING_VERSION = 1.0;
				PRODUCT_BUNDLE_IDENTIFIER = timetracker.timetracker;
				PRODUCT_NAME = "$(TARGET_NAME)";
				SWIFT_EMIT_LOC_STRINGS = YES;
				SWIFT_VERSION = 5.0;
				TARGETED_DEVICE_FAMILY = "1,2";
			};
			name = Debug;
		};
		4A3A7BB42B94C76F004C60D2 /* Release */ = {
			isa = XCBuildConfiguration;
			buildSettings = {
				ASSETCATALOG_COMPILER_APPICON_NAME = AppIcon;
				ASSETCATALOG_COMPILER_GLOBAL_ACCENT_COLOR_NAME = AccentColor;
				CODE_SIGN_STYLE = Automatic;
				CURRENT_PROJECT_VERSION = 1;
				DEVELOPMENT_TEAM = QK9Y4P3VFS;
				GENERATE_INFOPLIST_FILE = YES;
				INFOPLIST_FILE = timetracker/Info.plist;
				INFOPLIST_KEY_UIApplicationSupportsIndirectInputEvents = YES;
				INFOPLIST_KEY_UILaunchStoryboardName = LaunchScreen;
				INFOPLIST_KEY_UISupportedInterfaceOrientations = UIInterfaceOrientationPortrait;
				LD_RUNPATH_SEARCH_PATHS = (
					"$(inherited)",
					"@executable_path/Frameworks",
				);
				MARKETING_VERSION = 1.0;
				PRODUCT_BUNDLE_IDENTIFIER = timetracker.timetracker;
				PRODUCT_NAME = "$(TARGET_NAME)";
				SWIFT_EMIT_LOC_STRINGS = YES;
				SWIFT_VERSION = 5.0;
				TARGETED_DEVICE_FAMILY = "1,2";
			};
			name = Release;
		};
/* End XCBuildConfiguration section */

/* Begin XCConfigurationList section */
		4A3A7B992B94C76D004C60D2 /* Build configuration list for PBXProject "timetracker" */ = {
			isa = XCConfigurationList;
			buildConfigurations = (
				4A3A7BB02B94C76F004C60D2 /* Debug */,
				4A3A7BB12B94C76F004C60D2 /* Release */,
			);
			defaultConfigurationIsVisible = 0;
			defaultConfigurationName = Release;
		};
		4A3A7BB22B94C76F004C60D2 /* Build configuration list for PBXNativeTarget "timetracker" */ = {
			isa = XCConfigurationList;
			buildConfigurations = (
				4A3A7BB32B94C76F004C60D2 /* Debug */,
				4A3A7BB42B94C76F004C60D2 /* Release */,
			);
			defaultConfigurationIsVisible = 0;
			defaultConfigurationName = Release;
		};
/* End XCConfigurationList section */
	};
	rootObject = 4A3A7B962B94C76D004C60D2 /* Project object */;
}
